github.com/gtyrin/go-collection v0.0.0-20210607072902-14ab88717c56 h1:KRxQ4SfoiLS2LXXjAXY0awYVLpkI+nZY0xb6X5/26Js=
github.com/gtyrin/go-collection v0.0.0-20210607072902-14ab88717c56/go.mod h1:iY2QPhJbc566jJii+DYH36uhh9Q6W3bQdJ4TG2GsonE=
github.com/gtyrin/go-collection v0.0.1 h1:NHos9fk3ZrrSZFsB3PvGCIq/9w30q7pP/Yn2nvr1OLk=
github.com/gtyrin/go-collection v0.0.1/go.mod h1:iY2QPhJbc566jJii+DYH36uhh9Q6W3bQdJ4TG2GsonE=
github.com/gtyrin/go-intutils v0.0.0-20210607073946-2a3c93673c60 h1:W1W0bNncg/T8uqtz0B+bNEuFNHgYPVwh8QIG/iS1wIE=
github.com/gtyrin/go-intutils v0.0.0-20210607073946-2a3c93673c60/go.mod h1:3fkjdaBxdPTIJdRwPwEvld6x4pHgE5foNCBrqcXssk8=
github.com/gtyrin/go-intutils v0.0.1 h1:VXrDw1tZFW8mKbxmCfACQsEqaS/38mFbIO9HAcIR4D4=
github.com/gtyrin/go-intutils v0.0.1/go.mod h1:3fkjdaBxdPTIJdRwPwEvld6x4pHgE5foNCBrqcXssk8=
github.com/gtyrin/go-stringutils v0.0.0-20210607110724-042584dd90d8 h1:JpomLFZ6ZfXo1mjdNhE81NmFjrHzmop686ygIFqr+fQ=
github.com/gtyrin/go-stringutils v0.0.0-20210607110724-042584dd90d8/go.mod h1:gxuUqRjlJn+5wFkBfGt9NwOjAKBGS8P2N3lQDEwXvkU=
github.com/gtyrin/go-stringutils v0.0.1 h1:O50secvAOUb1SSIaFUYERHLevlj1quW+juunCmCx6oc=
github.com/gtyrin/go-stringutils v0.0.1/go.mod h1:gxuUqRjlJn+5wFkBfGt9NwOjAKBGS8P2N3lQDEwXvkU=
github.com/gtyrin/go-world v0.0.1 h1:tTl6i3o3oMtLm08doYWwQW0BrhKmJ1qaeMqCKjC/OG8=
github.com/gtyrin/go-world v0.0.1/go.mod h1:dYm5bHV0QLRq6GUMkNuesgq03VjwZ3eldWZImWI9ZB8=
